
Microsoft Visual Studio Solution File, Format Version 12.00
# Visual Studio Version 16
VisualStudioVersion = 16.0.28803.352
MinimumVisualStudioVersion = 10.0.40219.1
Project("{FAE04EC0-301F-11D3-BF4B-00C04F79EFBC}") = "DevWeb1 - Prof Rodrigo", "DevWeb1 - Prof Rodrigo\DevWeb1 - Prof Rodrigo.csproj", "{D7AAFDAA-149D-4F45-AD74-DA062378A0DB}"
EndProject
Global
	GlobalSection(SolutionConfigurationPlatforms) = preSolution
		Debug|Any CPU = Debug|Any CPU
		Release|Any CPU = Release|Any CPU
	EndGlobalSection
	GlobalSection(ProjectConfigurationPlatforms) = postSolution
		{D7AAFDAA-149D-4F45-AD74-DA062378A0DB}.Debug|Any CPU.ActiveCfg = Debug|Any CPU
		{D7AAFDAA-149D-4F45-AD74-DA062378A0DB}.Debug|Any CPU.Build.0 = Debug|Any CPU
		{D7AAFDAA-149D-4F45-AD74-DA062378A0DB}.Release|Any CPU.ActiveCfg = Release|Any CPU
		{D7AAFDAA-149D-4F45-AD74-DA062378A0DB}.Release|Any CPU.Build.0 = Release|Any CPU
	EndGlobalSection
	GlobalSection(SolutionProperties) = preSolution
		HideSolutionNode = FALSE
	EndGlobalSection
	GlobalSection(ExtensibilityGlobals) = postSolution
		SolutionGuid = {7B0F05FD-8C6D-4F9B-B5C5-36420F57AF7E}
	EndGlobalSection
EndGlobal
